github.com/zetxek/adritian-free-hugo-theme v1.6.1 h1:sLJvpaYUzSw9D+aqvA7+T27z8kJ7Q8h9PZQHiZTyD50=
github.com/zetxek/adritian-free-hugo-theme v1.6.1/go.mod h1:RZxMuUPx+AJwqABiHDQWSVEskypgZCqZ0MwOgCvA6o0=
github.com/zetxek/adritian-free-hugo-theme v1.7.2 h1:J/3XtHZWIPhdw691KWWCsJuJ2JJDaRJ6t5QaX4NGFU8=
github.com/zetxek/adritian-free-hugo-theme v1.7.2/go.mod h1:RZxMuUPx+AJwqABiHDQWSVEskypgZCqZ0MwOgCvA6o0=
