github.com/n0rthdev/adritian-free-hugo-theme v0.0.0-20250316202720-14f1c3097455 h1:z5K60ohtxC7TB4QcexepAos6853Fx6vqsyNdamCzySI=
github.com/n0rthdev/adritian-free-hugo-theme v0.0.0-20250316202720-14f1c3097455/go.mod h1:emqiaHwNGb0rmIIBfWJyv0FQhfHx3Y8UHn0HAWiEOrI=
github.com/n0rthdev/adritian-free-hugo-theme v0.0.0-20250316204849-d0d6f70658b3 h1:cKk+d91I2WH12Cjsvbb/85HkeXMHSvwg/HxWE0KrjnU=
github.com/n0rthdev/adritian-free-hugo-theme v0.0.0-20250316204849-d0d6f70658b3/go.mod h1:emqiaHwNGb0rmIIBfWJyv0FQhfHx3Y8UHn0HAWiEOrI=
